
Microsoft Visual Studio Solution File, Format Version 12.00
# Visual Studio Version 16
VisualStudioVersion = 16.0.31025.194
MinimumVisualStudioVersion = 10.0.40219.1
Project("{9A19103F-16F7-4668-BE54-9A1E7A4F7556}") = "ASC.Web", "ASC.Web\ASC.Web.csproj", "{1E665AB8-871D-471F-BBBE-45B7D50B7D93}"
EndProject
Project("{FAE04EC0-301F-11D3-BF4B-00C04F79EFBC}") = "ASC.Models", "ASC.Models\ASC.Models.csproj", "{808AE979-67A7-41DD-8F2D-3A6845E6A032}"
EndProject
Project("{FAE04EC0-301F-11D3-BF4B-00C04F79EFBC}") = "ASC.Utilities", "ASC.Utilities\ASC.Utilities.csproj", "{57141A61-0452-4590-8C61-7D351FBBCA8B}"
EndProject
Project("{FAE04EC0-301F-11D3-BF4B-00C04F79EFBC}") = "ASC.DataAccess", "ASC.DataAccess\ASC.DataAccess.csproj", "{F34AD91B-1567-4B9B-96DF-23DFCCAD2F48}"
EndProject
Global
	GlobalSection(SolutionConfigurationPlatforms) = preSolution
		Debug|Any CPU = Debug|Any CPU
		Release|Any CPU = Release|Any CPU
	EndGlobalSection
	GlobalSection(ProjectConfigurationPlatforms) = postSolution
		{1E665AB8-871D-471F-BBBE-45B7D50B7D93}.Debug|Any CPU.ActiveCfg = Debug|Any CPU
		{1E665AB8-871D-471F-BBBE-45B7D50B7D93}.Debug|Any CPU.Build.0 = Debug|Any CPU
		{1E665AB8-871D-471F-BBBE-45B7D50B7D93}.Release|Any CPU.ActiveCfg = Release|Any CPU
		{1E665AB8-871D-471F-BBBE-45B7D50B7D93}.Release|Any CPU.Build.0 = Release|Any CPU
		{808AE979-67A7-41DD-8F2D-3A6845E6A032}.Debug|Any CPU.ActiveCfg = Debug|Any CPU
		{808AE979-67A7-41DD-8F2D-3A6845E6A032}.Debug|Any CPU.Build.0 = Debug|Any CPU
		{808AE979-67A7-41DD-8F2D-3A6845E6A032}.Release|Any CPU.ActiveCfg = Release|Any CPU
		{808AE979-67A7-41DD-8F2D-3A6845E6A032}.Release|Any CPU.Build.0 = Release|Any CPU
		{57141A61-0452-4590-8C61-7D351FBBCA8B}.Debug|Any CPU.ActiveCfg = Debug|Any CPU
		{57141A61-0452-4590-8C61-7D351FBBCA8B}.Debug|Any CPU.Build.0 = Debug|Any CPU
		{57141A61-0452-4590-8C61-7D351FBBCA8B}.Release|Any CPU.ActiveCfg = Release|Any CPU
		{57141A61-0452-4590-8C61-7D351FBBCA8B}.Release|Any CPU.Build.0 = Release|Any CPU
		{F34AD91B-1567-4B9B-96DF-23DFCCAD2F48}.Debug|Any CPU.ActiveCfg = Debug|Any CPU
		{F34AD91B-1567-4B9B-96DF-23DFCCAD2F48}.Debug|Any CPU.Build.0 = Debug|Any CPU
		{F34AD91B-1567-4B9B-96DF-23DFCCAD2F48}.Release|Any CPU.ActiveCfg = Release|Any CPU
		{F34AD91B-1567-4B9B-96DF-23DFCCAD2F48}.Release|Any CPU.Build.0 = Release|Any CPU
	EndGlobalSection
	GlobalSection(SolutionProperties) = preSolution
		HideSolutionNode = FALSE
	EndGlobalSection
	GlobalSection(ExtensibilityGlobals) = postSolution
		SolutionGuid = {97F8516B-CED0-47A7-BF48-0E62CE588894}
	EndGlobalSection
EndGlobal
